Microsoft Visual Studio Solution File, Format Version 12.00
# Visual Studio Version 17
VisualStudioVersion = 17.5.2.0
MinimumVisualStudioVersion = 10.0.40219.1
Project("{FAE04EC0-301F-11D3-BF4B-00C04F79EFBC}") = "MiniAudioEx", "MiniAudioEx.csproj", "{D4211C5A-DAD1-C0F2-7DE8-B600AB3F7A55}"
EndProject
Project("{FAE04EC0-301F-11D3-BF4B-00C04F79EFBC}") = "MiniAudioExNETTesting", "test\MiniAudioExNETTesting.csproj", "{F2E5C8AB-4C88-469E-C7DB-DB1ED6453783}"
EndProject
Global
	GlobalSection(SolutionConfigurationPlatforms) = preSolution
		Debug|Any CPU = Debug|Any CPU
		Release|Any CPU = Release|Any CPU
	EndGlobalSection
	GlobalSection(ProjectConfigurationPlatforms) = postSolution
		{D4211C5A-DAD1-C0F2-7DE8-B600AB3F7A55}.Debug|Any CPU.ActiveCfg = Debug|Any CPU
		{D4211C5A-DAD1-C0F2-7DE8-B600AB3F7A55}.Debug|Any CPU.Build.0 = Debug|Any CPU
		{D4211C5A-DAD1-C0F2-7DE8-B600AB3F7A55}.Release|Any CPU.ActiveCfg = Release|Any CPU
		{D4211C5A-DAD1-C0F2-7DE8-B600AB3F7A55}.Release|Any CPU.Build.0 = Release|Any CPU
		{F2E5C8AB-4C88-469E-C7DB-DB1ED6453783}.Debug|Any CPU.ActiveCfg = Debug|Any CPU
		{F2E5C8AB-4C88-469E-C7DB-DB1ED6453783}.Debug|Any CPU.Build.0 = Debug|Any CPU
		{F2E5C8AB-4C88-469E-C7DB-DB1ED6453783}.Release|Any CPU.ActiveCfg = Release|Any CPU
		{F2E5C8AB-4C88-469E-C7DB-DB1ED6453783}.Release|Any CPU.Build.0 = Release|Any CPU
	EndGlobalSection
	GlobalSection(SolutionProperties) = preSolution
		HideSolutionNode = FALSE
	EndGlobalSection
	GlobalSection(ExtensibilityGlobals) = postSolution
		SolutionGuid = {7CB2B162-4668-4DEF-A723-0EDCD5EB3440}
	EndGlobalSection
EndGlobal
